
Microsoft Visual Studio Solution File, Format Version 12.00
# Visual Studio Version 17
VisualStudioVersion = 17.4.33213.308
MinimumVisualStudioVersion = 10.0.40219.1
Project("{FAE04EC0-301F-11D3-BF4B-00C04F79EFBC}") = "karakter_oluşturma", "karakter_oluşturma\karakter_oluşturma.csproj", "{5DBE9A16-5765-4CEA-A89A-84171D072300}"
EndProject
Global
	GlobalSection(SolutionConfigurationPlatforms) = preSolution
		Debug|Any CPU = Debug|Any CPU
		Release|Any CPU = Release|Any CPU
	EndGlobalSection
	GlobalSection(ProjectConfigurationPlatforms) = postSolution
		{5DBE9A16-5765-4CEA-A89A-84171D072300}.Debug|Any CPU.ActiveCfg = Debug|Any CPU
		{5DBE9A16-5765-4CEA-A89A-84171D072300}.Debug|Any CPU.Build.0 = Debug|Any CPU
		{5DBE9A16-5765-4CEA-A89A-84171D072300}.Release|Any CPU.ActiveCfg = Release|Any CPU
		{5DBE9A16-5765-4CEA-A89A-84171D072300}.Release|Any CPU.Build.0 = Release|Any CPU
	EndGlobalSection
	GlobalSection(SolutionProperties) = preSolution
		HideSolutionNode = FALSE
	EndGlobalSection
	GlobalSection(ExtensibilityGlobals) = postSolution
		SolutionGuid = {CA6238F1-1080-4436-86A6-2569BC2114F5}
	EndGlobalSection
EndGlobal
